
Microsoft Visual Studio Solution File, Format Version 12.00
# Visual Studio Version 16
VisualStudioVersion = 16.0.31702.278
MinimumVisualStudioVersion = 10.0.40219.1
Project("{9A19103F-16F7-4668-BE54-9A1E7A4F7556}") = "GenericTest", "GenericTest.csproj", "{3004724F-1386-49FE-B0E4-CFFE81F3B68F}"
EndProject
Project("{FAE04EC0-301F-11D3-BF4B-00C04F79EFBC}") = "GenericUnitTest", "..\GenericUnitTest\GenericUnitTest.csproj", "{00109063-FDCA-4021-B6D8-48A376F77116}"
EndProject
Global
	GlobalSection(SolutionConfigurationPlatforms) = preSolution
		Debug|Any CPU = Debug|Any CPU
		Release|Any CPU = Release|Any CPU
	EndGlobalSection
	GlobalSection(ProjectConfigurationPlatforms) = postSolution
		{3004724F-1386-49FE-B0E4-CFFE81F3B68F}.Debug|Any CPU.ActiveCfg = Debug|Any CPU
		{3004724F-1386-49FE-B0E4-CFFE81F3B68F}.Debug|Any CPU.Build.0 = Debug|Any CPU
		{3004724F-1386-49FE-B0E4-CFFE81F3B68F}.Release|Any CPU.ActiveCfg = Release|Any CPU
		{3004724F-1386-49FE-B0E4-CFFE81F3B68F}.Release|Any CPU.Build.0 = Release|Any CPU
		{00109063-FDCA-4021-B6D8-48A376F77116}.Debug|Any CPU.ActiveCfg = Debug|Any CPU
		{00109063-FDCA-4021-B6D8-48A376F77116}.Debug|Any CPU.Build.0 = Debug|Any CPU
		{00109063-FDCA-4021-B6D8-48A376F77116}.Release|Any CPU.ActiveCfg = Release|Any CPU
		{00109063-FDCA-4021-B6D8-48A376F77116}.Release|Any CPU.Build.0 = Release|Any CPU
	EndGlobalSection
	GlobalSection(SolutionProperties) = preSolution
		HideSolutionNode = FALSE
	EndGlobalSection
	GlobalSection(ExtensibilityGlobals) = postSolution
		SolutionGuid = {C8224C2C-2E57-4572-8541-10827E7DF58F}
	EndGlobalSection
EndGlobal
